
Microsoft Visual Studio Solution File, Format Version 12.00
# Visual Studio 15
Project("{FAE04EC0-301F-11D3-BF4B-00C04F79EFBC}") = "DEUProject.Android", "DEUProject.Android\DEUProject.Android.csproj", "{A2D68C18-94CD-44B7-90EA-96506CC3DB1D}"
EndProject
Project("{FAE04EC0-301F-11D3-BF4B-00C04F79EFBC}") = "DEUProject.iOS", "DEUProject.iOS\DEUProject.iOS.csproj", "{084A1277-22DF-4685-8815-539CC6E9657D}"
EndProject
Project("{FAE04EC0-301F-11D3-BF4B-00C04F79EFBC}") = "DEUProject", "DEUProject\DEUProject.csproj", "{CF293A73-44A8-47FC-AE81-881F67FC57D0}"
EndProject
Global
	GlobalSection(SolutionConfigurationPlatforms) = preSolution
		Debug|Any CPU = Debug|Any CPU
		Release|Any CPU = Release|Any CPU
		Debug|iPhoneSimulator = Debug|iPhoneSimulator
		Release|iPhoneSimulator = Release|iPhoneSimulator
		Debug|iPhone = Debug|iPhone
		Release|iPhone = Release|iPhone
		Ad-Hoc|iPhone = Ad-Hoc|iPhone
		AppStore|iPhone = AppStore|iPhone
	EndGlobalSection
	GlobalSection(ProjectConfigurationPlatforms) = postSolution
		{A2D68C18-94CD-44B7-90EA-96506CC3DB1D}.Debug|Any CPU.ActiveCfg = Debug|Any CPU
		{A2D68C18-94CD-44B7-90EA-96506CC3DB1D}.Debug|Any CPU.Build.0 = Debug|Any CPU
		{A2D68C18-94CD-44B7-90EA-96506CC3DB1D}.Release|Any CPU.ActiveCfg = Release|Any CPU
		{A2D68C18-94CD-44B7-90EA-96506CC3DB1D}.Release|Any CPU.Build.0 = Release|Any CPU
		{A2D68C18-94CD-44B7-90EA-96506CC3DB1D}.Debug|iPhoneSimulator.ActiveCfg = Debug|Any CPU
		{A2D68C18-94CD-44B7-90EA-96506CC3DB1D}.Debug|iPhoneSimulator.Build.0 = Debug|Any CPU
		{A2D68C18-94CD-44B7-90EA-96506CC3DB1D}.Release|iPhoneSimulator.ActiveCfg = Release|Any CPU
		{A2D68C18-94CD-44B7-90EA-96506CC3DB1D}.Release|iPhoneSimulator.Build.0 = Release|Any CPU
		{A2D68C18-94CD-44B7-90EA-96506CC3DB1D}.Debug|iPhone.ActiveCfg = Debug|Any CPU
		{A2D68C18-94CD-44B7-90EA-96506CC3DB1D}.Debug|iPhone.Build.0 = Debug|Any CPU
		{A2D68C18-94CD-44B7-90EA-96506CC3DB1D}.Release|iPhone.ActiveCfg = Release|Any CPU
		{A2D68C18-94CD-44B7-90EA-96506CC3DB1D}.Release|iPhone.Build.0 = Release|Any CPU
		{A2D68C18-94CD-44B7-90EA-96506CC3DB1D}.Ad-Hoc|iPhone.ActiveCfg = Debug|Any CPU
		{A2D68C18-94CD-44B7-90EA-96506CC3DB1D}.Ad-Hoc|iPhone.Build.0 = Debug|Any CPU
		{A2D68C18-94CD-44B7-90EA-96506CC3DB1D}.AppStore|iPhone.ActiveCfg = Debug|Any CPU
		{A2D68C18-94CD-44B7-90EA-96506CC3DB1D}.AppStore|iPhone.Build.0 = Debug|Any CPU
		{084A1277-22DF-4685-8815-539CC6E9657D}.Debug|Any CPU.ActiveCfg = Debug|iPhoneSimulator
		{084A1277-22DF-4685-8815-539CC6E9657D}.Debug|Any CPU.Build.0 = Debug|iPhoneSimulator
		{084A1277-22DF-4685-8815-539CC6E9657D}.Release|Any CPU.ActiveCfg = Release|iPhoneSimulator
		{084A1277-22DF-4685-8815-539CC6E9657D}.Release|Any CPU.Build.0 = Release|iPhoneSimulator
		{084A1277-22DF-4685-8815-539CC6E9657D}.Debug|iPhoneSimulator.ActiveCfg = Debug|iPhoneSimulator
		{084A1277-22DF-4685-8815-539CC6E9657D}.Debug|iPhoneSimulator.Build.0 = Debug|iPhoneSimulator
		{084A1277-22DF-4685-8815-539CC6E9657D}.Release|iPhoneSimulator.ActiveCfg = Release|iPhoneSimulator
		{084A1277-22DF-4685-8815-539CC6E9657D}.Release|iPhoneSimulator.Build.0 = Release|iPhoneSimulator
		{084A1277-22DF-4685-8815-539CC6E9657D}.Debug|iPhone.ActiveCfg = Debug|iPhone
		{084A1277-22DF-4685-8815-539CC6E9657D}.Debug|iPhone.Build.0 = Debug|iPhone
		{084A1277-22DF-4685-8815-539CC6E9657D}.Release|iPhone.ActiveCfg = Release|iPhone
		{084A1277-22DF-4685-8815-539CC6E9657D}.Release|iPhone.Build.0 = Release|iPhone
		{084A1277-22DF-4685-8815-539CC6E9657D}.Ad-Hoc|iPhone.ActiveCfg = Ad-Hoc|iPhone
		{084A1277-22DF-4685-8815-539CC6E9657D}.Ad-Hoc|iPhone.Build.0 = Ad-Hoc|iPhone
		{084A1277-22DF-4685-8815-539CC6E9657D}.AppStore|iPhone.ActiveCfg = AppStore|iPhone
		{084A1277-22DF-4685-8815-539CC6E9657D}.AppStore|iPhone.Build.0 = AppStore|iPhone
		{CF293A73-44A8-47FC-AE81-881F67FC57D0}.Debug|Any CPU.ActiveCfg = Debug|Any CPU
		{CF293A73-44A8-47FC-AE81-881F67FC57D0}.Debug|Any CPU.Build.0 = Debug|Any CPU
		{CF293A73-44A8-47FC-AE81-881F67FC57D0}.Release|Any CPU.ActiveCfg = Release|Any CPU
		{CF293A73-44A8-47FC-AE81-881F67FC57D0}.Release|Any CPU.Build.0 = Release|Any CPU
		{CF293A73-44A8-47FC-AE81-881F67FC57D0}.Debug|iPhoneSimulator.ActiveCfg = Debug|Any CPU
		{CF293A73-44A8-47FC-AE81-881F67FC57D0}.Debug|iPhoneSimulator.Build.0 = Debug|Any CPU
		{CF293A73-44A8-47FC-AE81-881F67FC57D0}.Release|iPhoneSimulator.ActiveCfg = Release|Any CPU
		{CF293A73-44A8-47FC-AE81-881F67FC57D0}.Release|iPhoneSimulator.Build.0 = Release|Any CPU
		{CF293A73-44A8-47FC-AE81-881F67FC57D0}.Debug|iPhone.ActiveCfg = Debug|Any CPU
		{CF293A73-44A8-47FC-AE81-881F67FC57D0}.Debug|iPhone.Build.0 = Debug|Any CPU
		{CF293A73-44A8-47FC-AE81-881F67FC57D0}.Release|iPhone.ActiveCfg = Release|Any CPU
		{CF293A73-44A8-47FC-AE81-881F67FC57D0}.Release|iPhone.Build.0 = Release|Any CPU
		{CF293A73-44A8-47FC-AE81-881F67FC57D0}.Ad-Hoc|iPhone.ActiveCfg = Debug|Any CPU
		{CF293A73-44A8-47FC-AE81-881F67FC57D0}.Ad-Hoc|iPhone.Build.0 = Debug|Any CPU
		{CF293A73-44A8-47FC-AE81-881F67FC57D0}.AppStore|iPhone.ActiveCfg = Debug|Any CPU
		{CF293A73-44A8-47FC-AE81-881F67FC57D0}.AppStore|iPhone.Build.0 = Debug|Any CPU
	EndGlobalSection
EndGlobal
